
Microsoft Visual Studio Solution File, Format Version 12.00
# Visual Studio Version 17
VisualStudioVersion = 17.5.33530.505
MinimumVisualStudioVersion = 10.0.40219.1
Project("{9A19103F-16F7-4668-BE54-9A1E7A4F7556}") = "LabPracticeOne", "LabPracticeOne\LabPracticeOne.csproj", "{B0ADB359-83D8-4B73-9270-21D7BAFB9B89}"
EndProject
Project("{9A19103F-16F7-4668-BE54-9A1E7A4F7556}") = "IFELSEPRACTICE", "IFELSEPRACTICE\IFELSEPRACTICE.csproj", "{77CB4AFD-D0C3-4B39-A91C-591BE4B9917F}"
EndProject
Project("{9A19103F-16F7-4668-BE54-9A1E7A4F7556}") = "WeightConversion", "programPractice\WeightConversion.csproj", "{CE824718-C1DC-4EC0-96A5-B8B244CB9E6A}"
EndProject
Project("{9A19103F-16F7-4668-BE54-9A1E7A4F7556}") = "ClassProjectOne", "ClassProjectOne\ClassProjectOne.csproj", "{57FC95B6-B895-46AE-8D9A-3CB45E424FAF}"
EndProject
Project("{9A19103F-16F7-4668-BE54-9A1E7A4F7556}") = "CalculatorPracticeProject", "CalculatorPracticeProject\CalculatorPracticeProject.csproj", "{26703A53-CE48-4433-AC29-D4BC3DF55F70}"
EndProject
Project("{9A19103F-16F7-4668-BE54-9A1E7A4F7556}") = "LabPracticeTwo", "LabPracticeTwo\LabPracticeTwo.csproj", "{0265FC72-9990-4A7C-8904-60BBB7944456}"
EndProject
Project("{FAE04EC0-301F-11D3-BF4B-00C04F79EFBC}") = "EvenOddNumbers", "EvenOddNumbers\EvenOddNumbers.csproj", "{7DA752F1-87B4-408E-8DCD-7FD7A8147765}"
EndProject
Global
	GlobalSection(SolutionConfigurationPlatforms) = preSolution
		Debug|Any CPU = Debug|Any CPU
		Release|Any CPU = Release|Any CPU
	EndGlobalSection
	GlobalSection(ProjectConfigurationPlatforms) = postSolution
		{B0ADB359-83D8-4B73-9270-21D7BAFB9B89}.Debug|Any CPU.ActiveCfg = Debug|Any CPU
		{B0ADB359-83D8-4B73-9270-21D7BAFB9B89}.Debug|Any CPU.Build.0 = Debug|Any CPU
		{B0ADB359-83D8-4B73-9270-21D7BAFB9B89}.Release|Any CPU.ActiveCfg = Release|Any CPU
		{B0ADB359-83D8-4B73-9270-21D7BAFB9B89}.Release|Any CPU.Build.0 = Release|Any CPU
		{77CB4AFD-D0C3-4B39-A91C-591BE4B9917F}.Debug|Any CPU.ActiveCfg = Debug|Any CPU
		{77CB4AFD-D0C3-4B39-A91C-591BE4B9917F}.Debug|Any CPU.Build.0 = Debug|Any CPU
		{77CB4AFD-D0C3-4B39-A91C-591BE4B9917F}.Release|Any CPU.ActiveCfg = Release|Any CPU
		{77CB4AFD-D0C3-4B39-A91C-591BE4B9917F}.Release|Any CPU.Build.0 = Release|Any CPU
		{CE824718-C1DC-4EC0-96A5-B8B244CB9E6A}.Debug|Any CPU.ActiveCfg = Debug|Any CPU
		{CE824718-C1DC-4EC0-96A5-B8B244CB9E6A}.Debug|Any CPU.Build.0 = Debug|Any CPU
		{CE824718-C1DC-4EC0-96A5-B8B244CB9E6A}.Release|Any CPU.ActiveCfg = Release|Any CPU
		{CE824718-C1DC-4EC0-96A5-B8B244CB9E6A}.Release|Any CPU.Build.0 = Release|Any CPU
		{57FC95B6-B895-46AE-8D9A-3CB45E424FAF}.Debug|Any CPU.ActiveCfg = Debug|Any CPU
		{57FC95B6-B895-46AE-8D9A-3CB45E424FAF}.Debug|Any CPU.Build.0 = Debug|Any CPU
		{57FC95B6-B895-46AE-8D9A-3CB45E424FAF}.Release|Any CPU.ActiveCfg = Release|Any CPU
		{57FC95B6-B895-46AE-8D9A-3CB45E424FAF}.Release|Any CPU.Build.0 = Release|Any CPU
		{26703A53-CE48-4433-AC29-D4BC3DF55F70}.Debug|Any CPU.ActiveCfg = Debug|Any CPU
		{26703A53-CE48-4433-AC29-D4BC3DF55F70}.Debug|Any CPU.Build.0 = Debug|Any CPU
		{26703A53-CE48-4433-AC29-D4BC3DF55F70}.Release|Any CPU.ActiveCfg = Release|Any CPU
		{26703A53-CE48-4433-AC29-D4BC3DF55F70}.Release|Any CPU.Build.0 = Release|Any CPU
		{0265FC72-9990-4A7C-8904-60BBB7944456}.Debug|Any CPU.ActiveCfg = Debug|Any CPU
		{0265FC72-9990-4A7C-8904-60BBB7944456}.Debug|Any CPU.Build.0 = Debug|Any CPU
		{0265FC72-9990-4A7C-8904-60BBB7944456}.Release|Any CPU.ActiveCfg = Release|Any CPU
		{0265FC72-9990-4A7C-8904-60BBB7944456}.Release|Any CPU.Build.0 = Release|Any CPU
		{7DA752F1-87B4-408E-8DCD-7FD7A8147765}.Debug|Any CPU.ActiveCfg = Debug|Any CPU
		{7DA752F1-87B4-408E-8DCD-7FD7A8147765}.Debug|Any CPU.Build.0 = Debug|Any CPU
		{7DA752F1-87B4-408E-8DCD-7FD7A8147765}.Release|Any CPU.ActiveCfg = Release|Any CPU
		{7DA752F1-87B4-408E-8DCD-7FD7A8147765}.Release|Any CPU.Build.0 = Release|Any CPU
	EndGlobalSection
	GlobalSection(SolutionProperties) = preSolution
		HideSolutionNode = FALSE
	EndGlobalSection
	GlobalSection(ExtensibilityGlobals) = postSolution
		SolutionGuid = {F85C561C-24B7-42E4-B76C-1B289559052C}
	EndGlobalSection
EndGlobal
